
Microsoft Visual Studio Solution File, Format Version 12.00
# Visual Studio Version 16
VisualStudioVersion = 16.0.29230.47
MinimumVisualStudioVersion = 10.0.40219.1
Project("{FAE04EC0-301F-11D3-BF4B-00C04F79EFBC}") = "ArraysAndLists", "ArraysAndLists\ArraysAndLists.csproj", "{6A3B2517-E5D3-4342-8D2B-83652B9BDE20}"
EndProject
Project("{FAE04EC0-301F-11D3-BF4B-00C04F79EFBC}") = "StackAndQueue", "StackAndQueue\StackAndQueue.csproj", "{1DA1382D-5E5B-419A-B70E-0F59CB1BCE6A}"
EndProject
Project("{FAE04EC0-301F-11D3-BF4B-00C04F79EFBC}") = "Dictionary", "Dictionary\Dictionary.csproj", "{881268D1-0403-472D-AF8D-05105D382D5B}"
EndProject
Project("{FAE04EC0-301F-11D3-BF4B-00C04F79EFBC}") = "LinkedList", "LinkedList\LinkedList.csproj", "{E60A75B5-CCB0-4499-81B6-A0C47B3B1278}"
EndProject
Global
	GlobalSection(SolutionConfigurationPlatforms) = preSolution
		Debug|Any CPU = Debug|Any CPU
		Release|Any CPU = Release|Any CPU
	EndGlobalSection
	GlobalSection(ProjectConfigurationPlatforms) = postSolution
		{6A3B2517-E5D3-4342-8D2B-83652B9BDE20}.Debug|Any CPU.ActiveCfg = Debug|Any CPU
		{6A3B2517-E5D3-4342-8D2B-83652B9BDE20}.Debug|Any CPU.Build.0 = Debug|Any CPU
		{6A3B2517-E5D3-4342-8D2B-83652B9BDE20}.Release|Any CPU.ActiveCfg = Release|Any CPU
		{6A3B2517-E5D3-4342-8D2B-83652B9BDE20}.Release|Any CPU.Build.0 = Release|Any CPU
		{1DA1382D-5E5B-419A-B70E-0F59CB1BCE6A}.Debug|Any CPU.ActiveCfg = Debug|Any CPU
		{1DA1382D-5E5B-419A-B70E-0F59CB1BCE6A}.Debug|Any CPU.Build.0 = Debug|Any CPU
		{1DA1382D-5E5B-419A-B70E-0F59CB1BCE6A}.Release|Any CPU.ActiveCfg = Release|Any CPU
		{1DA1382D-5E5B-419A-B70E-0F59CB1BCE6A}.Release|Any CPU.Build.0 = Release|Any CPU
		{881268D1-0403-472D-AF8D-05105D382D5B}.Debug|Any CPU.ActiveCfg = Debug|Any CPU
		{881268D1-0403-472D-AF8D-05105D382D5B}.Debug|Any CPU.Build.0 = Debug|Any CPU
		{881268D1-0403-472D-AF8D-05105D382D5B}.Release|Any CPU.ActiveCfg = Release|Any CPU
		{881268D1-0403-472D-AF8D-05105D382D5B}.Release|Any CPU.Build.0 = Release|Any CPU
		{E60A75B5-CCB0-4499-81B6-A0C47B3B1278}.Debug|Any CPU.ActiveCfg = Debug|Any CPU
		{E60A75B5-CCB0-4499-81B6-A0C47B3B1278}.Debug|Any CPU.Build.0 = Debug|Any CPU
		{E60A75B5-CCB0-4499-81B6-A0C47B3B1278}.Release|Any CPU.ActiveCfg = Release|Any CPU
		{E60A75B5-CCB0-4499-81B6-A0C47B3B1278}.Release|Any CPU.Build.0 = Release|Any CPU
	EndGlobalSection
	GlobalSection(SolutionProperties) = preSolution
		HideSolutionNode = FALSE
	EndGlobalSection
	GlobalSection(ExtensibilityGlobals) = postSolution
		SolutionGuid = {C4BFF5BA-DB5F-43CA-9CBC-EA4C7F992838}
	EndGlobalSection
EndGlobal
